
Microsoft Visual Studio Solution File, Format Version 12.00
Project("{FAE04EC0-301F-11D3-BF4B-00C04F79EFBC}") = "Trabalho-api", "Trabalho-api\Trabalho-api.csproj", "{147F5E31-9868-4CFE-BA23-C8EA26009930}"
EndProject
Global
	GlobalSection(SolutionConfigurationPlatforms) = preSolution
		Debug|Any CPU = Debug|Any CPU
		Release|Any CPU = Release|Any CPU
	EndGlobalSection
	GlobalSection(ProjectConfigurationPlatforms) = postSolution
		{147F5E31-9868-4CFE-BA23-C8EA26009930}.Debug|Any CPU.ActiveCfg = Debug|Any CPU
		{147F5E31-9868-4CFE-BA23-C8EA26009930}.Debug|Any CPU.Build.0 = Debug|Any CPU
		{147F5E31-9868-4CFE-BA23-C8EA26009930}.Release|Any CPU.ActiveCfg = Release|Any CPU
		{147F5E31-9868-4CFE-BA23-C8EA26009930}.Release|Any CPU.Build.0 = Release|Any CPU
	EndGlobalSection
EndGlobal
